// !$*UTF8*$!
{
	archiveVersion = 1;
	classes = {
	};
	objectVersion = 50;
	objects = {

/* Begin PBXBuildFile section */
		9FD4B66321F8F86900BE348C /* AppDelegate.m in Sources */ = {isa = PBXBuildFile; fileRef = 9FD4B66221F8F86900BE348C /* AppDelegate.m */; };
		9FD4B66621F8F86900BE348C /* ImageViewController.m in Sources */ = {isa = PBXBuildFile; fileRef = 9FD4B66521F8F86900BE348C /* ImageViewController.m */; };
		9FD4B66921F8F86900BE348C /* Main.storyboard in Resources */ = {isa = PBXBuildFile; fileRef = 9FD4B66721F8F86900BE348C /* Main.storyboard */; };
		9FD4B66B21F8F86900BE348C /* Assets.xcassets in Resources */ = {isa = PBXBuildFile; fileRef = 9FD4B66A21F8F86900BE348C /* Assets.xcassets */; };
		9FD4B66E21F8F86900BE348C /* LaunchScreen.storyboard in Resources */ = {isa = PBXBuildFile; fileRef = 9FD4B66C21F8F86900BE348C /* LaunchScreen.storyboard */; };
		9FD4B67121F8F86900BE348C /* main.m in Sources */ = {isa = PBXBuildFile; fileRef = 9FD4B67021F8F86900BE348C /* main.m */; };
		9FD4B67B21F8F86900BE348C /* StreamblrTests.m in Sources */ = {isa = PBXBuildFile; fileRef = 9FD4B67A21F8F86900BE348C /* StreamblrTests.m */; };
		9FD4B68621F8F86900BE348C /* StreamblrUITests.m in Sources */ = {isa = PBXBuildFile; fileRef = 9FD4B68521F8F86900BE348C /* StreamblrUITests.m */; };
		9FD4B69521F8FAED00BE348C /* ImageCollectionViewCell.m in Sources */ = {isa = PBXBuildFile; fileRef = 9FD4B69421F8FAED00BE348C /* ImageCollectionViewCell.m */; };
		9FD4B69821F900E600BE348C /* Photograph.m in Sources */ = {isa = PBXBuildFile; fileRef = 9FD4B69721F900E600BE348C /* Photograph.m */; };
		9FD4B69B21F9040A00BE348C /* PhotographAlbumManager.m in Sources */ = {isa = PBXBuildFile; fileRef = 9FD4B69A21F9040A00BE348C /* PhotographAlbumManager.m */; };
		9FD4B69E21F91E9F00BE348C /* ImageHeaderView.m in Sources */ = {isa = PBXBuildFile; fileRef = 9FD4B69D21F91E9F00BE348C /* ImageHeaderView.m */; };
		9FD4B6A121F91EB100BE348C /* ImageFooterView.m in Sources */ = {isa = PBXBuildFile; fileRef = 9FD4B6A021F91EB100BE348C /* ImageFooterView.m */; };
/* End PBXBuildFile section */

/* Begin PBXContainerItemProxy section */
		9FD4B67721F8F86900BE348C /* PBXContainerItemProxy */ = {
			isa = PBXContainerItemProxy;
			containerPortal = 9FD4B65621F8F86900BE348C /* Project object */;
			proxyType = 1;
			remoteGlobalIDString = 9FD4B65D21F8F86900BE348C;
			remoteInfo = Streamblr;
		};
		9FD4B68221F8F86900BE348C /* PBXContainerItemProxy */ = {
			isa = PBXContainerItemProxy;
			containerPortal = 9FD4B65621F8F86900BE348C /* Project object */;
			proxyType = 1;
			remoteGlobalIDString = 9FD4B65D21F8F86900BE348C;
			remoteInfo = Streamblr;
		};
/* End PBXContainerItemProxy section */

/* Begin PBXFileReference section */
		9FD4B65E21F8F86900BE348C /* Streamblr.app */ = {isa = PBXFileReference; explicitFileType = wrapper.application; includeInIndex = 0; path = Streamblr.app; sourceTree = BUILT_PRODUCTS_DIR; };
		9FD4B66121F8F86900BE348C /* AppDelegate.h */ = {isa = PBXFileReference; lastKnownFileType = sourcecode.c.h; path = AppDelegate.h; sourceTree = "<group>"; };
		9FD4B66221F8F86900BE348C /* AppDelegate.m */ = {isa = PBXFileReference; lastKnownFileType = sourcecode.c.objc; path = AppDelegate.m; sourceTree = "<group>"; };
		9FD4B66421F8F86900BE348C /* ImageViewController.h */ = {isa = PBXFileReference; lastKnownFileType = sourcecode.c.h; path = ImageViewController.h; sourceTree = "<group>"; };
		9FD4B66521F8F86900BE348C /* ImageViewController.m */ = {isa = PBXFileReference; lastKnownFileType = sourcecode.c.objc; path = ImageViewController.m; sourceTree = "<group>"; };
		9FD4B66821F8F86900BE348C /* Base */ = {isa = PBXFileReference; lastKnownFileType = file.storyboard; name = Base; path = Base.lproj/Main.storyboard; sourceTree = "<group>"; };
		9FD4B66A21F8F86900BE348C /* Assets.xcassets */ = {isa = PBXFileReference; lastKnownFileType = folder.assetcatalog; path = Assets.xcassets; sourceTree = "<group>"; };
		9FD4B66D21F8F86900BE348C /* Base */ = {isa = PBXFileReference; lastKnownFileType = file.storyboard; name = Base; path = Base.lproj/LaunchScreen.storyboard; sourceTree = "<group>"; };
		9FD4B66F21F8F86900BE348C /* Info.plist */ = {isa = PBXFileReference; lastKnownFileType = text.plist.xml; path = Info.plist; sourceTree = "<group>"; };
		9FD4B67021F8F86900BE348C /* main.m */ = {isa = PBXFileReference; lastKnownFileType = sourcecode.c.objc; path = main.m; sourceTree = "<group>"; };
		9FD4B67621F8F86900BE348C /* StreamblrTests.xctest */ = {isa = PBXFileReference; explicitFileType = wrapper.cfbundle; includeInIndex = 0; path = StreamblrTests.xctest; sourceTree = BUILT_PRODUCTS_DIR; };
		9FD4B67A21F8F86900BE348C /* StreamblrTests.m */ = {isa = PBXFileReference; lastKnownFileType = sourcecode.c.objc; path = StreamblrTests.m; sourceTree = "<group>"; };
		9FD4B67C21F8F86900BE348C /* Info.plist */ = {isa = PBXFileReference; lastKnownFileType = text.plist.xml; path = Info.plist; sourceTree = "<group>"; };
		9FD4B68121F8F86900BE348C /* StreamblrUITests.xctest */ = {isa = PBXFileReference; explicitFileType = wrapper.cfbundle; includeInIndex = 0; path = StreamblrUITests.xctest; sourceTree = BUILT_PRODUCTS_DIR; };
		9FD4B68521F8F86900BE348C /* StreamblrUITests.m */ = {isa = PBXFileReference; lastKnownFileType = sourcecode.c.objc; path = StreamblrUITests.m; sourceTree = "<group>"; };
		9FD4B68721F8F86900BE348C /* Info.plist */ = {isa = PBXFileReference; lastKnownFileType = text.plist.xml; path = Info.plist; sourceTree = "<group>"; };
		9FD4B69321F8FAED00BE348C /* ImageCollectionViewCell.h */ = {isa = PBXFileReference; lastKnownFileType = sourcecode.c.h; path = ImageCollectionViewCell.h; sourceTree = "<group>"; };
		9FD4B69421F8FAED00BE348C /* ImageCollectionViewCell.m */ = {isa = PBXFileReference; lastKnownFileType = sourcecode.c.objc; path = ImageCollectionViewCell.m; sourceTree = "<group>"; };
		9FD4B69621F900E600BE348C /* Photograph.h */ = {isa = PBXFileReference; lastKnownFileType = sourcecode.c.h; path = Photograph.h; sourceTree = "<group>"; };
		9FD4B69721F900E600BE348C /* Photograph.m */ = {isa = PBXFileReference; lastKnownFileType = sourcecode.c.objc; path = Photograph.m; sourceTree = "<group>"; };
		9FD4B69921F9040A00BE348C /* PhotographAlbumManager.h */ = {isa = PBXFileReference; lastKnownFileType = sourcecode.c.h; path = PhotographAlbumManager.h; sourceTree = "<group>"; };
		9FD4B69A21F9040A00BE348C /* PhotographAlbumManager.m */ = {isa = PBXFileReference; lastKnownFileType = sourcecode.c.objc; path = PhotographAlbumManager.m; sourceTree = "<group>"; };
		9FD4B69C21F91E9F00BE348C /* ImageHeaderView.h */ = {isa = PBXFileReference; lastKnownFileType = sourcecode.c.h; path = ImageHeaderView.h; sourceTree = "<group>"; };
		9FD4B69D21F91E9F00BE348C /* ImageHeaderView.m */ = {isa = PBXFileReference; lastKnownFileType = sourcecode.c.objc; path = ImageHeaderView.m; sourceTree = "<group>"; };
		9FD4B69F21F91EB100BE348C /* ImageFooterView.h */ = {isa = PBXFileReference; lastKnownFileType = sourcecode.c.h; path = ImageFooterView.h; sourceTree = "<group>"; };
		9FD4B6A021F91EB100BE348C /* ImageFooterView.m */ = {isa = PBXFileReference; lastKnownFileType = sourcecode.c.objc; path = ImageFooterView.m; sourceTree = "<group>"; };
/* End PBXFileReference section */

/* Begin PBXFrameworksBuildPhase section */
		9FD4B65B21F8F86900BE348C /* Frameworks */ = {
			isa = PBXFrameworksBuildPhase;
			buildActionMask = 2147483647;
			files = (
			);
			runOnlyForDeploymentPostprocessing = 0;
		};
		9FD4B67321F8F86900BE348C /* Frameworks */ = {
			isa = PBXFrameworksBuildPhase;
			buildActionMask = 2147483647;
			files = (
			);
			runOnlyForDeploymentPostprocessing = 0;
		};
		9FD4B67E21F8F86900BE348C /* Frameworks */ = {
			isa = PBXFrameworksBuildPhase;
			buildActionMask = 2147483647;
			files = (
			);
			runOnlyForDeploymentPostprocessing = 0;
		};
/* End PBXFrameworksBuildPhase section */

/* Begin PBXGroup section */
		9FD4B65521F8F86900BE348C = {
			isa = PBXGroup;
			children = (
				9FD4B66021F8F86900BE348C /* Streamblr */,
				9FD4B67921F8F86900BE348C /* StreamblrTests */,
				9FD4B68421F8F86900BE348C /* StreamblrUITests */,
				9FD4B65F21F8F86900BE348C /* Products */,
			);
			sourceTree = "<group>";
		};
		9FD4B65F21F8F86900BE348C /* Products */ = {
			isa = PBXGroup;
			children = (
				9FD4B65E21F8F86900BE348C /* Streamblr.app */,
				9FD4B67621F8F86900BE348C /* StreamblrTests.xctest */,
				9FD4B68121F8F86900BE348C /* StreamblrUITests.xctest */,
			);
			name = Products;
			sourceTree = "<group>";
		};
		9FD4B66021F8F86900BE348C /* Streamblr */ = {
			isa = PBXGroup;
			children = (
				9FD4B66121F8F86900BE348C /* AppDelegate.h */,
				9FD4B66221F8F86900BE348C /* AppDelegate.m */,
				9FD4B66421F8F86900BE348C /* ImageViewController.h */,
				9FD4B66521F8F86900BE348C /* ImageViewController.m */,
				9FD4B66721F8F86900BE348C /* Main.storyboard */,
				9FD4B69C21F91E9F00BE348C /* ImageHeaderView.h */,
				9FD4B69D21F91E9F00BE348C /* ImageHeaderView.m */,
				9FD4B69F21F91EB100BE348C /* ImageFooterView.h */,
				9FD4B6A021F91EB100BE348C /* ImageFooterView.m */,
				9FD4B69621F900E600BE348C /* Photograph.h */,
				9FD4B69721F900E600BE348C /* Photograph.m */,
				9FD4B69921F9040A00BE348C /* PhotographAlbumManager.h */,
				9FD4B69A21F9040A00BE348C /* PhotographAlbumManager.m */,
				9FD4B66A21F8F86900BE348C /* Assets.xcassets */,
				9FD4B69321F8FAED00BE348C /* ImageCollectionViewCell.h */,
				9FD4B69421F8FAED00BE348C /* ImageCollectionViewCell.m */,
				9FD4B66C21F8F86900BE348C /* LaunchScreen.storyboard */,
				9FD4B66F21F8F86900BE348C /* Info.plist */,
				9FD4B67021F8F86900BE348C /* main.m */,
			);
			path = Streamblr;
			sourceTree = "<group>";
		};
		9FD4B67921F8F86900BE348C /* StreamblrTests */ = {
			isa = PBXGroup;
			children = (
				9FD4B67A21F8F86900BE348C /* StreamblrTests.m */,
				9FD4B67C21F8F86900BE348C /* Info.plist */,
			);
			path = StreamblrTests;
			sourceTree = "<group>";
		};
		9FD4B68421F8F86900BE348C /* StreamblrUITests */ = {
			isa = PBXGroup;
			children = (
				9FD4B68521F8F86900BE348C /* StreamblrUITests.m */,
				9FD4B68721F8F86900BE348C /* Info.plist */,
			);
			path = StreamblrUITests;
			sourceTree = "<group>";
		};
/* End PBXGroup section */

/* Begin PBXNativeTarget section */
		9FD4B65D21F8F86900BE348C /* Streamblr */ = {
			isa = PBXNativeTarget;
			buildConfigurationList = 9FD4B68A21F8F86900BE348C /* Build configuration list for PBXNativeTarget "Streamblr" */;
			buildPhases = (
				9FD4B65A21F8F86900BE348C /* Sources */,
				9FD4B65B21F8F86900BE348C /* Frameworks */,
				9FD4B65C21F8F86900BE348C /* Resources */,
			);
			buildRules = (
			);
			dependencies = (
			);
			name = Streamblr;
			productName = Streamblr;
			productReference = 9FD4B65E21F8F86900BE348C /* Streamblr.app */;
			productType = "com.apple.product-type.application";
		};
		9FD4B67521F8F86900BE348C /* StreamblrTests */ = {
			isa = PBXNativeTarget;
			buildConfigurationList = 9FD4B68D21F8F86900BE348C /* Build configuration list for PBXNativeTarget "StreamblrTests" */;
			buildPhases = (
				9FD4B67221F8F86900BE348C /* Sources */,
				9FD4B67321F8F86900BE348C /* Frameworks */,
				9FD4B67421F8F86900BE348C /* Resources */,
			);
			buildRules = (
			);
			dependencies = (
				9FD4B67821F8F86900BE348C /* PBXTargetDependency */,
			);
			name = StreamblrTests;
			productName = StreamblrTests;
			productReference = 9FD4B67621F8F86900BE348C /* StreamblrTests.xctest */;
			productType = "com.apple.product-type.bundle.unit-test";
		};
		9FD4B68021F8F86900BE348C /* StreamblrUITests */ = {
			isa = PBXNativeTarget;
			buildConfigurationList = 9FD4B69021F8F86900BE348C /* Build configuration list for PBXNativeTarget "StreamblrUITests" */;
			buildPhases = (
				9FD4B67D21F8F86900BE348C /* Sources */,
				9FD4B67E21F8F86900BE348C /* Frameworks */,
				9FD4B67F21F8F86900BE348C /* Resources */,
			);
			buildRules = (
			);
			dependencies = (
				9FD4B68321F8F86900BE348C /* PBXTargetDependency */,
			);
			name = StreamblrUITests;
			productName = StreamblrUITests;
			productReference = 9FD4B68121F8F86900BE348C /* StreamblrUITests.xctest */;
			productType = "com.apple.product-type.bundle.ui-testing";
		};
/* End PBXNativeTarget section */

/* Begin PBXProject section */
		9FD4B65621F8F86900BE348C /* Project object */ = {
			isa = PBXProject;
			attributes = {
				LastUpgradeCheck = 1010;
				ORGANIZATIONNAME = "jason harrison";
				TargetAttributes = {
					9FD4B65D21F8F86900BE348C = {
						CreatedOnToolsVersion = 10.1;
					};
					9FD4B67521F8F86900BE348C = {
						CreatedOnToolsVersion = 10.1;
						TestTargetID = 9FD4B65D21F8F86900BE348C;
					};
					9FD4B68021F8F86900BE348C = {
						CreatedOnToolsVersion = 10.1;
						TestTargetID = 9FD4B65D21F8F86900BE348C;
					};
				};
			};
			buildConfigurationList = 9FD4B65921F8F86900BE348C /* Build configuration list for PBXProject "Streamblr" */;
			compatibilityVersion = "Xcode 9.3";
			developmentRegion = en;
			hasScannedForEncodings = 0;
			knownRegions = (
				en,
				Base,
			);
			mainGroup = 9FD4B65521F8F86900BE348C;
			productRefGroup = 9FD4B65F21F8F86900BE348C /* Products */;
			projectDirPath = "";
			projectRoot = "";
			targets = (
				9FD4B65D21F8F86900BE348C /* Streamblr */,
				9FD4B67521F8F86900BE348C /* StreamblrTests */,
				9FD4B68021F8F86900BE348C /* StreamblrUITests */,
			);
		};
/* End PBXProject section */

/* Begin PBXResourcesBuildPhase section */
		9FD4B65C21F8F86900BE348C /* Resources */ = {
			isa = PBXResourcesBuildPhase;
			buildActionMask = 2147483647;
			files = (
				9FD4B66E21F8F86900BE348C /* LaunchScreen.storyboard in Resources */,
				9FD4B66B21F8F86900BE348C /* Assets.xcassets in Resources */,
				9FD4B66921F8F86900BE348C /* Main.storyboard in Resources */,
			);
			runOnlyForDeploymentPostprocessing = 0;
		};
		9FD4B67421F8F86900BE348C /* Resources */ = {
			isa = PBXResourcesBuildPhase;
			buildActionMask = 2147483647;
			files = (
			);
			runOnlyForDeploymentPostprocessing = 0;
		};
		9FD4B67F21F8F86900BE348C /* Resources */ = {
			isa = PBXResourcesBuildPhase;
			buildActionMask = 2147483647;
			files = (
			);
			runOnlyForDeploymentPostprocessing = 0;
		};
/* End PBXResourcesBuildPhase section */

/* Begin PBXSourcesBuildPhase section */
		9FD4B65A21F8F86900BE348C /* Sources */ = {
			isa = PBXSourcesBuildPhase;
			buildActionMask = 2147483647;
			files = (
				9FD4B69821F900E600BE348C /* Photograph.m in Sources */,
				9FD4B6A121F91EB100BE348C /* ImageFooterView.m in Sources */,
				9FD4B69E21F91E9F00BE348C /* ImageHeaderView.m in Sources */,
				9FD4B66621F8F86900BE348C /* ImageViewController.m in Sources */,
				9FD4B67121F8F86900BE348C /* main.m in Sources */,
				9FD4B69521F8FAED00BE348C /* ImageCollectionViewCell.m in Sources */,
				9FD4B66321F8F86900BE348C /* AppDelegate.m in Sources */,
				9FD4B69B21F9040A00BE348C /* PhotographAlbumManager.m in Sources */,
			);
			runOnlyForDeploymentPostprocessing = 0;
		};
		9FD4B67221F8F86900BE348C /* Sources */ = {
			isa = PBXSourcesBuildPhase;
			buildActionMask = 2147483647;
			files = (
				9FD4B67B21F8F86900BE348C /* StreamblrTests.m in Sources */,
			);
			runOnlyForDeploymentPostprocessing = 0;
		};
		9FD4B67D21F8F86900BE348C /* Sources */ = {
			isa = PBXSourcesBuildPhase;
			buildActionMask = 2147483647;
			files = (
				9FD4B68621F8F86900BE348C /* StreamblrUITests.m in Sources */,
			);
			runOnlyForDeploymentPostprocessing = 0;
		};
/* End PBXSourcesBuildPhase section */

/* Begin PBXTargetDependency section */
		9FD4B67821F8F86900BE348C /* PBXTargetDependency */ = {
			isa = PBXTargetDependency;
			target = 9FD4B65D21F8F86900BE348C /* Streamblr */;
			targetProxy = 9FD4B67721F8F86900BE348C /* PBXContainerItemProxy */;
		};
		9FD4B68321F8F86900BE348C /* PBXTargetDependency */ = {
			isa = PBXTargetDependency;
			target = 9FD4B65D21F8F86900BE348C /* Streamblr */;
			targetProxy = 9FD4B68221F8F86900BE348C /* PBXContainerItemProxy */;
		};
/* End PBXTargetDependency section */

/* Begin PBXVariantGroup section */
		9FD4B66721F8F86900BE348C /* Main.storyboard */ = {
			isa = PBXVariantGroup;
			children = (
				9FD4B66821F8F86900BE348C /* Base */,
			);
			name = Main.storyboard;
			sourceTree = "<group>";
		};
		9FD4B66C21F8F86900BE348C /* LaunchScreen.storyboard */ = {
			isa = PBXVariantGroup;
			children = (
				9FD4B66D21F8F86900BE348C /* Base */,
			);
			name = LaunchScreen.storyboard;
			sourceTree = "<group>";
		};
/* End PBXVariantGroup section */

/* Begin XCBuildConfiguration section */
		9FD4B68821F8F86900BE348C /* Debug */ = {
			isa = XCBuildConfiguration;
			buildSettings = {
				ALWAYS_SEARCH_USER_PATHS = NO;
				CLANG_ANALYZER_NONNULL = YES;
				CLANG_ANALYZER_NUMBER_OBJECT_CONVERSION = YES_AGGRESSIVE;
				CLANG_CXX_LANGUAGE_STANDARD = "gnu++14";
				CLANG_CXX_LIBRARY = "libc++";
				CLANG_ENABLE_MODULES = YES;
				CLANG_ENABLE_OBJC_ARC = YES;
				CLANG_ENABLE_OBJC_WEAK = YES;
				CLANG_WARN_BLOCK_CAPTURE_AUTORELEASING = YES;
				CLANG_WARN_BOOL_CONVERSION = YES;
				CLANG_WARN_COMMA = YES;
				CLANG_WARN_CONSTANT_CONVERSION = YES;
				CLANG_WARN_DEPRECATED_OBJC_IMPLEMENTATIONS = YES;
				CLANG_WARN_DIRECT_OBJC_ISA_USAGE = YES_ERROR;
				CLANG_WARN_DOCUMENTATION_COMMENTS = YES;
				CLANG_WARN_EMPTY_BODY = YES;
				CLANG_WARN_ENUM_CONVERSION = YES;
				CLANG_WARN_INFINITE_RECURSION = YES;
				CLANG_WARN_INT_CONVERSION = YES;
				CLANG_WARN_NON_LITERAL_NULL_CONVERSION = YES;
				CLANG_WARN_OBJC_IMPLICIT_RETAIN_SELF = YES;
				CLANG_WARN_OBJC_LITERAL_CONVERSION = YES;
				CLANG_WARN_OBJC_ROOT_CLASS = YES_ERROR;
				CLANG_WARN_RANGE_LOOP_ANALYSIS = YES;
				CLANG_WARN_STRICT_PROTOTYPES = YES;
				CLANG_WARN_SUSPICIOUS_MOVE = YES;
				CLANG_WARN_UNGUARDED_AVAILABILITY = YES_AGGRESSIVE;
				CLANG_WARN_UNREACHABLE_CODE = YES;
				CLANG_WARN__DUPLICATE_METHOD_MATCH = YES;
				CODE_SIGN_IDENTITY = "iPhone Developer";
				COPY_PHASE_STRIP = NO;
				DEBUG_INFORMATION_FORMAT = dwarf;
				ENABLE_STRICT_OBJC_MSGSEND = YES;
				ENABLE_TESTABILITY = YES;
				GCC_C_LANGUAGE_STANDARD = gnu11;
				GCC_DYNAMIC_NO_PIC = NO;
				GCC_NO_COMMON_BLOCKS = YES;
				GCC_OPTIMIZATION_LEVEL = 0;
				GCC_PREPROCESSOR_DEFINITIONS = (
					"DEBUG=1",
					"$(inherited)",
				);
				GCC_WARN_64_TO_32_BIT_CONVERSION = YES;
				GCC_WARN_ABOUT_RETURN_TYPE = YES_ERROR;
				GCC_WARN_UNDECLARED_SELECTOR = YES;
				GCC_WARN_UNINITIALIZED_AUTOS = YES_AGGRESSIVE;
				GCC_WARN_UNUSED_FUNCTION = YES;
				GCC_WARN_UNUSED_VARIABLE = YES;
				IPHONEOS_DEPLOYMENT_TARGET = 12.1;
				MTL_ENABLE_DEBUG_INFO = INCLUDE_SOURCE;
				MTL_FAST_MATH = YES;
				ONLY_ACTIVE_ARCH = YES;
				SDKROOT = iphoneos;
			};
			name = Debug;
		};
		9FD4B68921F8F86900BE348C /* Release */ = {
			isa = XCBuildConfiguration;
			buildSettings = {
				ALWAYS_SEARCH_USER_PATHS = NO;
				CLANG_ANALYZER_NONNULL = YES;
				CLANG_ANALYZER_NUMBER_OBJECT_CONVERSION = YES_AGGRESSIVE;
				CLANG_CXX_LANGUAGE_STANDARD = "gnu++14";
				CLANG_CXX_LIBRARY = "libc++";
				CLANG_ENABLE_MODULES = YES;
				CLANG_ENABLE_OBJC_ARC = YES;
				CLANG_ENABLE_OBJC_WEAK = YES;
				CLANG_WARN_BLOCK_CAPTURE_AUTORELEASING = YES;
				CLANG_WARN_BOOL_CONVERSION = YES;
				CLANG_WARN_COMMA = YES;
				CLANG_WARN_CONSTANT_CONVERSION = YES;
				CLANG_WARN_DEPRECATED_OBJC_IMPLEMENTATIONS = YES;
				CLANG_WARN_DIRECT_OBJC_ISA_USAGE = YES_ERROR;
				CLANG_WARN_DOCUMENTATION_COMMENTS = YES;
				CLANG_WARN_EMPTY_BODY = YES;
				CLANG_WARN_ENUM_CONVERSION = YES;
				CLANG_WARN_INFINITE_RECURSION = YES;
				CLANG_WARN_INT_CONVERSION = YES;
				CLANG_WARN_NON_LITERAL_NULL_CONVERSION = YES;
				CLANG_WARN_OBJC_IMPLICIT_RETAIN_SELF = YES;
				CLANG_WARN_OBJC_LITERAL_CONVERSION = YES;
				CLANG_WARN_OBJC_ROOT_CLASS = YES_ERROR;
				CLANG_WARN_RANGE_LOOP_ANALYSIS = YES;
				CLANG_WARN_STRICT_PROTOTYPES = YES;
				CLANG_WARN_SUSPICIOUS_MOVE = YES;
				CLANG_WARN_UNGUARDED_AVAILABILITY = YES_AGGRESSIVE;
				CLANG_WARN_UNREACHABLE_CODE = YES;
				CLANG_WARN__DUPLICATE_METHOD_MATCH = YES;
				CODE_SIGN_IDENTITY = "iPhone Developer";
				COPY_PHASE_STRIP = NO;
				DEBUG_INFORMATION_FORMAT = "dwarf-with-dsym";
				ENABLE_NS_ASSERTIONS = NO;
				ENABLE_STRICT_OBJC_MSGSEND = YES;
				GCC_C_LANGUAGE_STANDARD = gnu11;
				GCC_NO_COMMON_BLOCKS = YES;
				GCC_WARN_64_TO_32_BIT_CONVERSION = YES;
				GCC_WARN_ABOUT_RETURN_TYPE = YES_ERROR;
				GCC_WARN_UNDECLARED_SELECTOR = YES;
				GCC_WARN_UNINITIALIZED_AUTOS = YES_AGGRESSIVE;
				GCC_WARN_UNUSED_FUNCTION = YES;
				GCC_WARN_UNUSED_VARIABLE = YES;
				IPHONEOS_DEPLOYMENT_TARGET = 12.1;
				MTL_ENABLE_DEBUG_INFO = NO;
				MTL_FAST_MATH = YES;
				SDKROOT = iphoneos;
				VALIDATE_PRODUCT = YES;
			};
			name = Release;
		};
		9FD4B68B21F8F86900BE348C /* Debug */ = {
			isa = XCBuildConfiguration;
			buildSettings = {
				ASSETCATALOG_COMPILER_APPICON_NAME = AppIcon;
				CODE_SIGN_STYLE = Automatic;
				DEVELOPMENT_TEAM = 637GVRP677;
				INFOPLIST_FILE = Streamblr/Info.plist;
				LD_RUNPATH_SEARCH_PATHS = (
					"$(inherited)",
					"@executable_path/Frameworks",
				);
				PRODUCT_BUNDLE_IDENTIFIER = ca.lighthouselabs.jasonharrison.Streamblr;
				PRODUCT_NAME = "$(TARGET_NAME)";
				TARGETED_DEVICE_FAMILY = "1,2";
			};
			name = Debug;
		};
		9FD4B68C21F8F86900BE348C /* Release */ = {
			isa = XCBuildConfiguration;
			buildSettings = {
				ASSETCATALOG_COMPILER_APPICON_NAME = AppIcon;
				CODE_SIGN_STYLE = Automatic;
				DEVELOPMENT_TEAM = 637GVRP677;
				INFOPLIST_FILE = Streamblr/Info.plist;
				LD_RUNPATH_SEARCH_PATHS = (
					"$(inherited)",
					"@executable_path/Frameworks",
				);
				PRODUCT_BUNDLE_IDENTIFIER = ca.lighthouselabs.jasonharrison.Streamblr;
				PRODUCT_NAME = "$(TARGET_NAME)";
				TARGETED_DEVICE_FAMILY = "1,2";
			};
			name = Release;
		};
		9FD4B68E21F8F86900BE348C /* Debug */ = {
			isa = XCBuildConfiguration;
			buildSettings = {
				BUNDLE_LOADER = "$(TEST_HOST)";
				CODE_SIGN_STYLE = Automatic;
				DEVELOPMENT_TEAM = 637GVRP677;
				INFOPLIST_FILE = StreamblrTests/Info.plist;
				LD_RUNPATH_SEARCH_PATHS = (
					"$(inherited)",
					"@executable_path/Frameworks",
					"@loader_path/Frameworks",
				);
				PRODUCT_BUNDLE_IDENTIFIER = ca.lighthouselabs.jasonharrison.StreamblrTests;
				PRODUCT_NAME = "$(TARGET_NAME)";
				TARGETED_DEVICE_FAMILY = "1,2";
				TEST_HOST = "$(BUILT_PRODUCTS_DIR)/Streamblr.app/Streamblr";
			};
			name = Debug;
		};
		9FD4B68F21F8F86900BE348C /* Release */ = {
			isa = XCBuildConfiguration;
			buildSettings = {
				BUNDLE_LOADER = "$(TEST_HOST)";
				CODE_SIGN_STYLE = Automatic;
				DEVELOPMENT_TEAM = 637GVRP677;
				INFOPLIST_FILE = StreamblrTests/Info.plist;
				LD_RUNPATH_SEARCH_PATHS = (
					"$(inherited)",
					"@executable_path/Frameworks",
					"@loader_path/Frameworks",
				);
				PRODUCT_BUNDLE_IDENTIFIER = ca.lighthouselabs.jasonharrison.StreamblrTests;
				PRODUCT_NAME = "$(TARGET_NAME)";
				TARGETED_DEVICE_FAMILY = "1,2";
				TEST_HOST = "$(BUILT_PRODUCTS_DIR)/Streamblr.app/Streamblr";
			};
			name = Release;
		};
		9FD4B69121F8F86900BE348C /* Debug */ = {
			isa = XCBuildConfiguration;
			buildSettings = {
				CODE_SIGN_STYLE = Automatic;
				DEVELOPMENT_TEAM = 637GVRP677;
				INFOPLIST_FILE = StreamblrUITests/Info.plist;
				LD_RUNPATH_SEARCH_PATHS = (
					"$(inherited)",
					"@executable_path/Frameworks",
					"@loader_path/Frameworks",
				);
				PRODUCT_BUNDLE_IDENTIFIER = ca.lighthouselabs.jasonharrison.StreamblrUITests;
				PRODUCT_NAME = "$(TARGET_NAME)";
				TARGETED_DEVICE_FAMILY = "1,2";
				TEST_TARGET_NAME = Streamblr;
			};
			name = Debug;
		};
		9FD4B69221F8F86900BE348C /* Release */ = {
			isa = XCBuildConfiguration;
			buildSettings = {
				CODE_SIGN_STYLE = Automatic;
				DEVELOPMENT_TEAM = 637GVRP677;
				INFOPLIST_FILE = StreamblrUITests/Info.plist;
				LD_RUNPATH_SEARCH_PATHS = (
					"$(inherited)",
					"@executable_path/Frameworks",
					"@loader_path/Frameworks",
				);
				PRODUCT_BUNDLE_IDENTIFIER = ca.lighthouselabs.jasonharrison.StreamblrUITests;
				PRODUCT_NAME = "$(TARGET_NAME)";
				TARGETED_DEVICE_FAMILY = "1,2";
				TEST_TARGET_NAME = Streamblr;
			};
			name = Release;
		};
/* End XCBuildConfiguration section */

/* Begin XCConfigurationList section */
		9FD4B65921F8F86900BE348C /* Build configuration list for PBXProject "Streamblr" */ = {
			isa = XCConfigurationList;
			buildConfigurations = (
				9FD4B68821F8F86900BE348C /* Debug */,
				9FD4B68921F8F86900BE348C /* Release */,
			);
			defaultConfigurationIsVisible = 0;
			defaultConfigurationName = Release;
		};
		9FD4B68A21F8F86900BE348C /* Build configuration list for PBXNativeTarget "Streamblr" */ = {
			isa = XCConfigurationList;
			buildConfigurations = (
				9FD4B68B21F8F86900BE348C /* Debug */,
				9FD4B68C21F8F86900BE348C /* Release */,
			);
			defaultConfigurationIsVisible = 0;
			defaultConfigurationName = Release;
		};
		9FD4B68D21F8F86900BE348C /* Build configuration list for PBXNativeTarget "StreamblrTests" */ = {
			isa = XCConfigurationList;
			buildConfigurations = (
				9FD4B68E21F8F86900BE348C /* Debug */,
				9FD4B68F21F8F86900BE348C /* Release */,
			);
			defaultConfigurationIsVisible = 0;
			defaultConfigurationName = Release;
		};
		9FD4B69021F8F86900BE348C /* Build configuration list for PBXNativeTarget "StreamblrUITests" */ = {
			isa = XCConfigurationList;
			buildConfigurations = (
				9FD4B69121F8F86900BE348C /* Debug */,
				9FD4B69221F8F86900BE348C /* Release */,
			);
			defaultConfigurationIsVisible = 0;
			defaultConfigurationName = Release;
		};
/* End XCConfigurationList section */
	};
	rootObject = 9FD4B65621F8F86900BE348C /* Project object */;
}
